
Microsoft Visual Studio Solution File, Format Version 12.00
# Visual Studio Version 17
VisualStudioVersion = 17.14.36518.9
MinimumVisualStudioVersion = 10.0.40219.1
Project("{FAE04EC0-301F-11D3-BF4B-00C04F79EFBC}") = "Launcher", "Launcher\Launcher.csproj", "{FAF8AEDA-34F7-4612-A0ED-E197ECCEA712}"
EndProject
Project("{FAE04EC0-301F-11D3-BF4B-00C04F79EFBC}") = "FileManager.Console", "Modules\FileManager.Console\FileManager.Console.csproj", "{863AB76A-647E-44F4-9894-B0CA0E5FF387}"
EndProject
Project("{FAE04EC0-301F-11D3-BF4B-00C04F79EFBC}") = "Encryptor.Console", "Modules\Encryptor.Console\Encryptor.Console.csproj", "{398723D7-0320-408F-A591-55ECEF83BD50}"
EndProject
Project("{FAE04EC0-301F-11D3-BF4B-00C04F79EFBC}") = "Sync.Console", "Modules\Sync.Console\Sync.Console.csproj", "{44521212-BF1D-4337-A362-E03A686A100B}"
EndProject
Project("{FAE04EC0-301F-11D3-BF4B-00C04F79EFBC}") = "Task2.Core", "Modules\Task2\Task2.Core\Task2.Core.csproj", "{1CF76325-EDC5-445A-9221-A52F69BC4354}"
EndProject
Project("{FAE04EC0-301F-11D3-BF4B-00C04F79EFBC}") = "ExcelViewer.WinForms", "Modules\Task2\ExcelViewer.WinForms\ExcelViewer.WinForms.csproj", "{79FCD3AA-7C82-4B2F-BF4E-20634DC6AB67}"
EndProject
Project("{FAE04EC0-301F-11D3-BF4B-00C04F79EFBC}") = "LinePlotter.WinForms", "Modules\Task2\LinePlotter.WinForms\LinePlotter.WinForms.csproj", "{ED8B279F-D169-46F8-A089-BC702410E047}"
EndProject
Project("{FAE04EC0-301F-11D3-BF4B-00C04F79EFBC}") = "ColorMixer.WinForms", "Modules\Task2\ColorMixer.WinForms\ColorMixer.WinForms.csproj", "{6B61EB54-9059-40D9-9AE4-9B99D3339A51}"
EndProject
Project("{2150E333-8FDC-42A3-9474-1A3956D46DE8}") = "Task1_ConsoleApp_Folder", "Task1_ConsoleApp_Folder", "{75832313-F7FD-4B1F-8007-A469B87D6EC8}"
EndProject
Project("{2150E333-8FDC-42A3-9474-1A3956D46DE8}") = "Launcher_Folder", "Launcher_Folder", "{36D591C7-65C7-A0D1-1CBC-10CDE441BDC8}"
EndProject
Project("{2150E333-8FDC-42A3-9474-1A3956D46DE8}") = "Task_2_WinForms_Folder", "Task_2_WinForms_Folder", "{DEB3D068-EC21-4DCD-8ECB-346B8106FA23}"
EndProject
Project("{FAE04EC0-301F-11D3-BF4B-00C04F79EFBC}") = "Task3.Core", "Modules\Task3\Task3.Core\Task3.Core.csproj", "{8370006E-6847-073B-90BA-D3A466CF8728}"
EndProject
Project("{FAE04EC0-301F-11D3-BF4B-00C04F79EFBC}") = "ClientsDb.WinForms", "Modules\Task3\ClientsDb.WinForms\ClientsDb.WinForms.csproj", "{04C43E46-1F45-D0A1-124C-75C3BA8C466C}"
EndProject
Project("{FAE04EC0-301F-11D3-BF4B-00C04F79EFBC}") = "FunctionSvgPlotter.WinForms", "Modules\Task3\FunctionSvgPlotter.WinForms\FunctionSvgPlotter.WinForms.csproj", "{EC30AB9D-93F1-2B9C-240B-F7EB26B26551}"
EndProject
Project("{FAE04EC0-301F-11D3-BF4B-00C04F79EFBC}") = "LinkShortener.WinForms", "Modules\Task3\LinkShortener.WinForms\LinkShortener.WinForms.csproj", "{1922045E-06D2-C922-F65D-19F72E526664}"
EndProject
Project("{2150E333-8FDC-42A3-9474-1A3956D46DE8}") = "Task3_Folder", "Task3_Folder", "{50C08A84-09C8-46CF-A35B-3E19CB603DF3}"
EndProject
Project("{FAE04EC0-301F-11D3-BF4B-00C04F79EFBC}") = "Task4.Core", "Modules\Task4\Task4.Core\Task4.Core.csproj", "{E057DEAA-914A-8124-ED70-27C37D7ECF4B}"
EndProject
Project("{FAE04EC0-301F-11D3-BF4B-00C04F79EFBC}") = "MazeGenerator.WinForms", "Modules\Task4\MazeGenerator.WinForms\MazeGenerator.WinForms.csproj", "{AA937149-02A1-07D9-F0DA-04871E9FACDF}"
EndProject
Project("{FAE04EC0-301F-11D3-BF4B-00C04F79EFBC}") = "MazePathFinder.WinForms", "Modules\Task4\MazePathFinder.WinForms\MazePathFinder.WinForms.csproj", "{911953FD-8839-FFF5-4F0A-F63EB222A82C}"
EndProject
Project("{FAE04EC0-301F-11D3-BF4B-00C04F79EFBC}") = "MazePathValidator.WinForms", "Modules\Task4\MazePathValidator.WinForms\MazePathValidator.WinForms.csproj", "{AE9A7E76-78C3-B91E-B626-C0D8B94F30AF}"
EndProject
Project("{2150E333-8FDC-42A3-9474-1A3956D46DE8}") = "Task4_Folder", "Task4_Folder", "{2BA0005E-1151-41A6-86CB-D45B3117BDF4}"
EndProject
Global
	GlobalSection(SolutionConfigurationPlatforms) = preSolution
		Debug|Any CPU = Debug|Any CPU
		Release|Any CPU = Release|Any CPU
	EndGlobalSection
	GlobalSection(ProjectConfigurationPlatforms) = postSolution
		{FAF8AEDA-34F7-4612-A0ED-E197ECCEA712}.Debug|Any CPU.ActiveCfg = Debug|Any CPU
		{FAF8AEDA-34F7-4612-A0ED-E197ECCEA712}.Debug|Any CPU.Build.0 = Debug|Any CPU
		{FAF8AEDA-34F7-4612-A0ED-E197ECCEA712}.Release|Any CPU.ActiveCfg = Release|Any CPU
		{FAF8AEDA-34F7-4612-A0ED-E197ECCEA712}.Release|Any CPU.Build.0 = Release|Any CPU
		{863AB76A-647E-44F4-9894-B0CA0E5FF387}.Debug|Any CPU.ActiveCfg = Debug|Any CPU
		{863AB76A-647E-44F4-9894-B0CA0E5FF387}.Debug|Any CPU.Build.0 = Debug|Any CPU
		{863AB76A-647E-44F4-9894-B0CA0E5FF387}.Release|Any CPU.ActiveCfg = Release|Any CPU
		{863AB76A-647E-44F4-9894-B0CA0E5FF387}.Release|Any CPU.Build.0 = Release|Any CPU
		{398723D7-0320-408F-A591-55ECEF83BD50}.Debug|Any CPU.ActiveCfg = Debug|Any CPU
		{398723D7-0320-408F-A591-55ECEF83BD50}.Debug|Any CPU.Build.0 = Debug|Any CPU
		{398723D7-0320-408F-A591-55ECEF83BD50}.Release|Any CPU.ActiveCfg = Release|Any CPU
		{398723D7-0320-408F-A591-55ECEF83BD50}.Release|Any CPU.Build.0 = Release|Any CPU
		{44521212-BF1D-4337-A362-E03A686A100B}.Debug|Any CPU.ActiveCfg = Debug|Any CPU
		{44521212-BF1D-4337-A362-E03A686A100B}.Debug|Any CPU.Build.0 = Debug|Any CPU
		{44521212-BF1D-4337-A362-E03A686A100B}.Release|Any CPU.ActiveCfg = Release|Any CPU
		{44521212-BF1D-4337-A362-E03A686A100B}.Release|Any CPU.Build.0 = Release|Any CPU
		{1CF76325-EDC5-445A-9221-A52F69BC4354}.Debug|Any CPU.ActiveCfg = Debug|Any CPU
		{1CF76325-EDC5-445A-9221-A52F69BC4354}.Debug|Any CPU.Build.0 = Debug|Any CPU
		{1CF76325-EDC5-445A-9221-A52F69BC4354}.Release|Any CPU.ActiveCfg = Release|Any CPU
		{1CF76325-EDC5-445A-9221-A52F69BC4354}.Release|Any CPU.Build.0 = Release|Any CPU
		{79FCD3AA-7C82-4B2F-BF4E-20634DC6AB67}.Debug|Any CPU.ActiveCfg = Debug|Any CPU
		{79FCD3AA-7C82-4B2F-BF4E-20634DC6AB67}.Debug|Any CPU.Build.0 = Debug|Any CPU
		{79FCD3AA-7C82-4B2F-BF4E-20634DC6AB67}.Release|Any CPU.ActiveCfg = Release|Any CPU
		{79FCD3AA-7C82-4B2F-BF4E-20634DC6AB67}.Release|Any CPU.Build.0 = Release|Any CPU
		{ED8B279F-D169-46F8-A089-BC702410E047}.Debug|Any CPU.ActiveCfg = Debug|Any CPU
		{ED8B279F-D169-46F8-A089-BC702410E047}.Debug|Any CPU.Build.0 = Debug|Any CPU
		{ED8B279F-D169-46F8-A089-BC702410E047}.Release|Any CPU.ActiveCfg = Release|Any CPU
		{ED8B279F-D169-46F8-A089-BC702410E047}.Release|Any CPU.Build.0 = Release|Any CPU
		{6B61EB54-9059-40D9-9AE4-9B99D3339A51}.Debug|Any CPU.ActiveCfg = Debug|Any CPU
		{6B61EB54-9059-40D9-9AE4-9B99D3339A51}.Debug|Any CPU.Build.0 = Debug|Any CPU
		{6B61EB54-9059-40D9-9AE4-9B99D3339A51}.Release|Any CPU.ActiveCfg = Release|Any CPU
		{6B61EB54-9059-40D9-9AE4-9B99D3339A51}.Release|Any CPU.Build.0 = Release|Any CPU
		{8370006E-6847-073B-90BA-D3A466CF8728}.Debug|Any CPU.ActiveCfg = Debug|Any CPU
		{8370006E-6847-073B-90BA-D3A466CF8728}.Debug|Any CPU.Build.0 = Debug|Any CPU
		{8370006E-6847-073B-90BA-D3A466CF8728}.Release|Any CPU.ActiveCfg = Release|Any CPU
		{8370006E-6847-073B-90BA-D3A466CF8728}.Release|Any CPU.Build.0 = Release|Any CPU
		{04C43E46-1F45-D0A1-124C-75C3BA8C466C}.Debug|Any CPU.ActiveCfg = Debug|Any CPU
		{04C43E46-1F45-D0A1-124C-75C3BA8C466C}.Debug|Any CPU.Build.0 = Debug|Any CPU
		{04C43E46-1F45-D0A1-124C-75C3BA8C466C}.Release|Any CPU.ActiveCfg = Release|Any CPU
		{04C43E46-1F45-D0A1-124C-75C3BA8C466C}.Release|Any CPU.Build.0 = Release|Any CPU
		{EC30AB9D-93F1-2B9C-240B-F7EB26B26551}.Debug|Any CPU.ActiveCfg = Debug|Any CPU
		{EC30AB9D-93F1-2B9C-240B-F7EB26B26551}.Debug|Any CPU.Build.0 = Debug|Any CPU
		{EC30AB9D-93F1-2B9C-240B-F7EB26B26551}.Release|Any CPU.ActiveCfg = Release|Any CPU
		{EC30AB9D-93F1-2B9C-240B-F7EB26B26551}.Release|Any CPU.Build.0 = Release|Any CPU
		{1922045E-06D2-C922-F65D-19F72E526664}.Debug|Any CPU.ActiveCfg = Debug|Any CPU
		{1922045E-06D2-C922-F65D-19F72E526664}.Debug|Any CPU.Build.0 = Debug|Any CPU
		{1922045E-06D2-C922-F65D-19F72E526664}.Release|Any CPU.ActiveCfg = Release|Any CPU
		{1922045E-06D2-C922-F65D-19F72E526664}.Release|Any CPU.Build.0 = Release|Any CPU
		{E057DEAA-914A-8124-ED70-27C37D7ECF4B}.Debug|Any CPU.ActiveCfg = Debug|Any CPU
		{E057DEAA-914A-8124-ED70-27C37D7ECF4B}.Debug|Any CPU.Build.0 = Debug|Any CPU
		{E057DEAA-914A-8124-ED70-27C37D7ECF4B}.Release|Any CPU.ActiveCfg = Release|Any CPU
		{E057DEAA-914A-8124-ED70-27C37D7ECF4B}.Release|Any CPU.Build.0 = Release|Any CPU
		{AA937149-02A1-07D9-F0DA-04871E9FACDF}.Debug|Any CPU.ActiveCfg = Debug|Any CPU
		{AA937149-02A1-07D9-F0DA-04871E9FACDF}.Debug|Any CPU.Build.0 = Debug|Any CPU
		{AA937149-02A1-07D9-F0DA-04871E9FACDF}.Release|Any CPU.ActiveCfg = Release|Any CPU
		{AA937149-02A1-07D9-F0DA-04871E9FACDF}.Release|Any CPU.Build.0 = Release|Any CPU
		{911953FD-8839-FFF5-4F0A-F63EB222A82C}.Debug|Any CPU.ActiveCfg = Debug|Any CPU
		{911953FD-8839-FFF5-4F0A-F63EB222A82C}.Debug|Any CPU.Build.0 = Debug|Any CPU
		{911953FD-8839-FFF5-4F0A-F63EB222A82C}.Release|Any CPU.ActiveCfg = Release|Any CPU
		{911953FD-8839-FFF5-4F0A-F63EB222A82C}.Release|Any CPU.Build.0 = Release|Any CPU
		{AE9A7E76-78C3-B91E-B626-C0D8B94F30AF}.Debug|Any CPU.ActiveCfg = Debug|Any CPU
		{AE9A7E76-78C3-B91E-B626-C0D8B94F30AF}.Debug|Any CPU.Build.0 = Debug|Any CPU
		{AE9A7E76-78C3-B91E-B626-C0D8B94F30AF}.Release|Any CPU.ActiveCfg = Release|Any CPU
		{AE9A7E76-78C3-B91E-B626-C0D8B94F30AF}.Release|Any CPU.Build.0 = Release|Any CPU
	EndGlobalSection
	GlobalSection(SolutionProperties) = preSolution
		HideSolutionNode = FALSE
	EndGlobalSection
	GlobalSection(NestedProjects) = preSolution
		{FAF8AEDA-34F7-4612-A0ED-E197ECCEA712} = {36D591C7-65C7-A0D1-1CBC-10CDE441BDC8}
		{863AB76A-647E-44F4-9894-B0CA0E5FF387} = {75832313-F7FD-4B1F-8007-A469B87D6EC8}
		{398723D7-0320-408F-A591-55ECEF83BD50} = {75832313-F7FD-4B1F-8007-A469B87D6EC8}
		{44521212-BF1D-4337-A362-E03A686A100B} = {75832313-F7FD-4B1F-8007-A469B87D6EC8}
		{1CF76325-EDC5-445A-9221-A52F69BC4354} = {DEB3D068-EC21-4DCD-8ECB-346B8106FA23}
		{79FCD3AA-7C82-4B2F-BF4E-20634DC6AB67} = {DEB3D068-EC21-4DCD-8ECB-346B8106FA23}
		{ED8B279F-D169-46F8-A089-BC702410E047} = {DEB3D068-EC21-4DCD-8ECB-346B8106FA23}
		{6B61EB54-9059-40D9-9AE4-9B99D3339A51} = {DEB3D068-EC21-4DCD-8ECB-346B8106FA23}
		{8370006E-6847-073B-90BA-D3A466CF8728} = {50C08A84-09C8-46CF-A35B-3E19CB603DF3}
		{04C43E46-1F45-D0A1-124C-75C3BA8C466C} = {50C08A84-09C8-46CF-A35B-3E19CB603DF3}
		{EC30AB9D-93F1-2B9C-240B-F7EB26B26551} = {50C08A84-09C8-46CF-A35B-3E19CB603DF3}
		{1922045E-06D2-C922-F65D-19F72E526664} = {50C08A84-09C8-46CF-A35B-3E19CB603DF3}
		{E057DEAA-914A-8124-ED70-27C37D7ECF4B} = {2BA0005E-1151-41A6-86CB-D45B3117BDF4}
		{AA937149-02A1-07D9-F0DA-04871E9FACDF} = {2BA0005E-1151-41A6-86CB-D45B3117BDF4}
		{911953FD-8839-FFF5-4F0A-F63EB222A82C} = {2BA0005E-1151-41A6-86CB-D45B3117BDF4}
		{AE9A7E76-78C3-B91E-B626-C0D8B94F30AF} = {2BA0005E-1151-41A6-86CB-D45B3117BDF4}
	EndGlobalSection
	GlobalSection(ExtensibilityGlobals) = postSolution
		SolutionGuid = {119186E5-C122-4E39-A99B-5ADBF50ABC86}
	EndGlobalSection
EndGlobal
